# THIS IS AN AUTOGENERATED FILE. DO NOT EDIT THIS FILE DIRECTLY.
# yarn lockfile v1


rulyotano.math@^0.2.0:
  version "0.2.0"
  resolved "https://registry.yarnpkg.com/rulyotano.math/-/rulyotano.math-0.2.0.tgz#f66f04896f3a72679393adb80ab7ea0547baabc2"
  integrity sha512-LVH40XW9Mcv5IinZHqEWhC3H03IeqXiHmEvrWp75zYQF+dh7aTERp+UE8RAe9sTRvRluLxc9hm97g78pjnfcdA==
